// !$*UTF8*$!
{
	archiveVersion = 1;
	classes = {
	};
	objectVersion = 56;
	objects = {

/* Begin PBXBuildFile section */
		003819A1B91F455375633418033FFEA7 /* Abstraction.swift in Sources */ = {isa = PBXBuildFile; fileRef = 6276F7483F8EEEE01B0FA78036862E8B /* Abstraction.swift */; };
		00C3FB923222149BB1E223497927E084 /* SwiftChart-dummy.m in Sources */ = {isa = PBXBuildFile; fileRef = 3A142CBDAE5E18FE962DD43590402DFC /* SwiftChart-dummy.m */; };
		04153A1A4F64DB87C7E47C3C17AB8BE2 /* Foundation.framework in Frameworks */ = {isa = PBXBuildFile; fileRef = EAB6F611E86A4758835A715E4B4184F6 /* Foundation.framework */; };
		086E4A68E52EEB9EADE3124B2F8D195A /* Foundation.framework in Frameworks */ = {isa = PBXBuildFile; fileRef = EAB6F611E86A4758835A715E4B4184F6 /* Foundation.framework */; };
		14DD15F0E4B07F53813A9944093B5B83 /* Foundation.framework in Frameworks */ = {isa = PBXBuildFile; fileRef = EAB6F611E86A4758835A715E4B4184F6 /* Foundation.framework */; };
		189DD0DA52A126759790F1D996095F53 /* ChartSeries.swift in Sources */ = {isa = PBXBuildFile; fileRef = E533E8CCE420F8504520E877093E6C04 /* ChartSeries.swift */; };
		19B625DCBF2608036A726D4F6004AE41 /* Constrainable.swift in Sources */ = {isa = PBXBuildFile; fileRef = 7BB7E3FB6211214104FB30DF75D8670F /* Constrainable.swift */; };
		235C6BC0654C150374C6B533B9D33467 /* TinyConstraints+superview.swift in Sources */ = {isa = PBXBuildFile; fileRef = 7A39CA2D304E5CCC63A7D55869E05375 /* TinyConstraints+superview.swift */; };
		288F355E6F92DB34A6D5DA886C1B29D8 /* Pods-cp2-dummy.m in Sources */ = {isa = PBXBuildFile; fileRef = 69D45A2B39CF8FB1CEEEF11268F1DE7F /* Pods-cp2-dummy.m */; };
		4CDB49943F320BC1F504F6F6790448CC /* TinyConstraints-umbrella.h in Headers */ = {isa = PBXBuildFile; fileRef = 7B8FD65A37631CA49D193F427822B4E4 /* TinyConstraints-umbrella.h */; settings = {ATTRIBUTES = (Public, ); }; };
		4E5602E9B85B82EF1EA80ABCF76D7CC6 /* TinyConstraints-dummy.m in Sources */ = {isa = PBXBuildFile; fileRef = CD1DD6106E820CE6025AC4797BCD43EF /* TinyConstraints-dummy.m */; };
		588EEA3FAF28A403ADD832A1496F412F /* Constraints.swift in Sources */ = {isa = PBXBuildFile; fileRef = 6370B14DDB8DC14CA4033B1542A347F2 /* Constraints.swift */; };
		64810A75CC254B76D74E3F2586AD3B47 /* Stack.swift in Sources */ = {isa = PBXBuildFile; fileRef = B097B93D8B21968060E4E3DFFCB81249 /* Stack.swift */; };
		67BA8329E816F97CDA1901A1E5D1B0B9 /* SwiftChart-umbrella.h in Headers */ = {isa = PBXBuildFile; fileRef = D1F6D04DD742A42921CB39010AA89EB3 /* SwiftChart-umbrella.h */; settings = {ATTRIBUTES = (Public, ); }; };
		8B779C98294E31CF2BB8D14983A0F2B0 /* Pods-cp2-umbrella.h in Headers */ = {isa = PBXBuildFile; fileRef = 70739B2ABEFB0DC349FDD6BC905AA786 /* Pods-cp2-umbrella.h */; settings = {ATTRIBUTES = (Public, ); }; };
		9FC86B0DF30483BEC772265C38AA5440 /* TinyConstraints.swift in Sources */ = {isa = PBXBuildFile; fileRef = 942BE79A63EF4710139BD47EA183F6A5 /* TinyConstraints.swift */; };
		BF75F7C3CE5DF53FDC340EB541B30224 /* TinyEdgeInsets.swift in Sources */ = {isa = PBXBuildFile; fileRef = 4930940E3E91EC00C3677817B3F27AE1 /* TinyEdgeInsets.swift */; };
		C7CB8F9E5337028FE44391091E9FBCD6 /* UIKit.framework in Frameworks */ = {isa = PBXBuildFile; fileRef = D245E0514AAC1A2B9A6D5EA2F383E90F /* UIKit.framework */; };
		CC7E5E85953FBC78E7BE84DAF0344E05 /* Chart.swift in Sources */ = {isa = PBXBuildFile; fileRef = E65641B6E954AC42A657BA07494F52E4 /* Chart.swift */; };
		D6109FC37A83188948FA533A719FCFFD /* ChartColors.swift in Sources */ = {isa = PBXBuildFile; fileRef = A946C83D2090E1334EF1E016327EA926 /* ChartColors.swift */; };
/* End PBXBuildFile section */

/* Begin PBXContainerItemProxy section */
		B97B882AED2E0EB4510991ACA0580DE1 /* PBXContainerItemProxy */ = {
			isa = PBXContainerItemProxy;
			containerPortal = BFDFE7DC352907FC980B868725387E98 /* Project object */;
			proxyType = 1;
			remoteGlobalIDString = 45C4E325E7851DD54CC3AD44C7A71935;
			remoteInfo = TinyConstraints;
		};
		D712BBA66CD3CFEF2F5A6D9EC1861B1A /* PBXContainerItemProxy */ = {
			isa = PBXContainerItemProxy;
			containerPortal = BFDFE7DC352907FC980B868725387E98 /* Project object */;
			proxyType = 1;
			remoteGlobalIDString = 4E7BD5B8067AD0B7AFB7967E30BF1BB8;
			remoteInfo = SwiftChart;
		};
/* End PBXContainerItemProxy section */

/* Begin PBXFileReference section */
		0386647CB37914AEC8D0A23E3BF2B668 /* SwiftChart.framework */ = {isa = PBXFileReference; explicitFileType = wrapper.framework; includeInIndex = 0; path = SwiftChart.framework; sourceTree = BUILT_PRODUCTS_DIR; };
		248EB203AE249596FFC55952F5590D95 /* TinyConstraints.framework */ = {isa = PBXFileReference; explicitFileType = wrapper.framework; includeInIndex = 0; path = TinyConstraints.framework; sourceTree = BUILT_PRODUCTS_DIR; };
		28CEEF91BBEBA04AB3B1FF9543E0E27B /* SwiftChart-prefix.pch */ = {isa = PBXFileReference; includeInIndex = 1; lastKnownFileType = sourcecode.c.h; path = "SwiftChart-prefix.pch"; sourceTree = "<group>"; };
		3A142CBDAE5E18FE962DD43590402DFC /* SwiftChart-dummy.m */ = {isa = PBXFileReference; includeInIndex = 1; lastKnownFileType = sourcecode.c.objc; path = "SwiftChart-dummy.m"; sourceTree = "<group>"; };
		3B76354AF84FF0C9416B72B6447C804B /* TinyConstraints.modulemap */ = {isa = PBXFileReference; includeInIndex = 1; lastKnownFileType = sourcecode.module; path = TinyConstraints.modulemap; sourceTree = "<group>"; };
		3C6A3890E5DDFCA61BF2362012656F87 /* Pods-cp2-Info.plist */ = {isa = PBXFileReference; includeInIndex = 1; lastKnownFileType = text.plist.xml; path = "Pods-cp2-Info.plist"; sourceTree = "<group>"; };
		490F7EDC4975991C7C07614D3DAF067E /* SwiftChart.modulemap */ = {isa = PBXFileReference; includeInIndex = 1; lastKnownFileType = sourcecode.module; path = SwiftChart.modulemap; sourceTree = "<group>"; };
		4930940E3E91EC00C3677817B3F27AE1 /* TinyEdgeInsets.swift */ = {isa = PBXFileReference; includeInIndex = 1; lastKnownFileType = sourcecode.swift; name = TinyEdgeInsets.swift; path = TinyConstraints/Classes/TinyEdgeInsets.swift; sourceTree = "<group>"; };
		539E4AC582F8C326DA3611E8C3BB1BB7 /* TinyConstraints.debug.xcconfig */ = {isa = PBXFileReference; includeInIndex = 1; lastKnownFileType = text.xcconfig; path = TinyConstraints.debug.xcconfig; sourceTree = "<group>"; };
		55A9455845EE4C5E627104E36BCCAB00 /* SwiftChart.debug.xcconfig */ = {isa = PBXFileReference; includeInIndex = 1; lastKnownFileType = text.xcconfig; path = SwiftChart.debug.xcconfig; sourceTree = "<group>"; };
		617B6DE73E1555D314284CB4B2329A4E /* Pods-cp2 */ = {isa = PBXFileReference; explicitFileType = wrapper.framework; includeInIndex = 0; name = "Pods-cp2"; path = Pods_cp2.framework; sourceTree = BUILT_PRODUCTS_DIR; };
		6276F7483F8EEEE01B0FA78036862E8B /* Abstraction.swift */ = {isa = PBXFileReference; includeInIndex = 1; lastKnownFileType = sourcecode.swift; name = Abstraction.swift; path = TinyConstraints/Classes/Abstraction.swift; sourceTree = "<group>"; };
		6370B14DDB8DC14CA4033B1542A347F2 /* Constraints.swift */ = {isa = PBXFileReference; includeInIndex = 1; lastKnownFileType = sourcecode.swift; name = Constraints.swift; path = TinyConstraints/Classes/Constraints.swift; sourceTree = "<group>"; };
		69D45A2B39CF8FB1CEEEF11268F1DE7F /* Pods-cp2-dummy.m */ = {isa = PBXFileReference; includeInIndex = 1; lastKnownFileType = sourcecode.c.objc; path = "Pods-cp2-dummy.m"; sourceTree = "<group>"; };
		70739B2ABEFB0DC349FDD6BC905AA786 /* Pods-cp2-umbrella.h */ = {isa = PBXFileReference; includeInIndex = 1; lastKnownFileType = sourcecode.c.h; path = "Pods-cp2-umbrella.h"; sourceTree = "<group>"; };
		70C68BAE4BD63B68587C04985ADC60FD /* SwiftChart-Info.plist */ = {isa = PBXFileReference; includeInIndex = 1; lastKnownFileType = text.plist.xml; path = "SwiftChart-Info.plist"; sourceTree = "<group>"; };
		7A39CA2D304E5CCC63A7D55869E05375 /* TinyConstraints+superview.swift */ = {isa = PBXFileReference; includeInIndex = 1; lastKnownFileType = sourcecode.swift; name = "TinyConstraints+superview.swift"; path = "TinyConstraints/Classes/TinyConstraints+superview.swift"; sourceTree = "<group>"; };
		7A552834E14CBF18DCD9120B96EC4489 /* Pods-cp2.modulemap */ = {isa = PBXFileReference; includeInIndex = 1; lastKnownFileType = sourcecode.module; path = "Pods-cp2.modulemap"; sourceTree = "<group>"; };
		7B8FD65A37631CA49D193F427822B4E4 /* TinyConstraints-umbrella.h */ = {isa = PBXFileReference; includeInIndex = 1; lastKnownFileType = sourcecode.c.h; path = "TinyConstraints-umbrella.h"; sourceTree = "<group>"; };
		7BB7E3FB6211214104FB30DF75D8670F /* Constrainable.swift */ = {isa = PBXFileReference; includeInIndex = 1; lastKnownFileType = sourcecode.swift; name = Constrainable.swift; path = TinyConstraints/Classes/Constrainable.swift; sourceTree = "<group>"; };
		7C8EF643E10911617C6316BB3486A8EE /* TinyConstraints-prefix.pch */ = {isa = PBXFileReference; includeInIndex = 1; lastKnownFileType = sourcecode.c.h; path = "TinyConstraints-prefix.pch"; sourceTree = "<group>"; };
		942BE79A63EF4710139BD47EA183F6A5 /* TinyConstraints.swift */ = {isa = PBXFileReference; includeInIndex = 1; lastKnownFileType = sourcecode.swift; name = TinyConstraints.swift; path = TinyConstraints/Classes/TinyConstraints.swift; sourceTree = "<group>"; };
		968227B6B921790035C005D97430167D /* TinyConstraints.release.xcconfig */ = {isa = PBXFileReference; includeInIndex = 1; lastKnownFileType = text.xcconfig; path = TinyConstraints.release.xcconfig; sourceTree = "<group>"; };
		9CE62BAC46EDD9AF64345EB9A538D557 /* TinyConstraints-Info.plist */ = {isa = PBXFileReference; includeInIndex = 1; lastKnownFileType = text.plist.xml; path = "TinyConstraints-Info.plist"; sourceTree = "<group>"; };
		9D940727FF8FB9C785EB98E56350EF41 /* Podfile */ = {isa = PBXFileReference; explicitFileType = text.script.ruby; includeInIndex = 1; indentWidth = 2; name = Podfile; path = ../Podfile; sourceTree = SOURCE_ROOT; tabWidth = 2; xcLanguageSpecificationIdentifier = xcode.lang.ruby; };
		A401446E66B585F590B8C4F3A13C8C6B /* Pods-cp2.debug.xcconfig */ = {isa = PBXFileReference; includeInIndex = 1; lastKnownFileType = text.xcconfig; path = "Pods-cp2.debug.xcconfig"; sourceTree = "<group>"; };
		A5438158EA9A5A51B706853C11542C53 /* Pods-cp2-acknowledgements.plist */ = {isa = PBXFileReference; includeInIndex = 1; lastKnownFileType = text.plist.xml; path = "Pods-cp2-acknowledgements.plist"; sourceTree = "<group>"; };
		A946C83D2090E1334EF1E016327EA926 /* ChartColors.swift */ = {isa = PBXFileReference; includeInIndex = 1; lastKnownFileType = sourcecode.swift; name = ChartColors.swift; path = Source/ChartColors.swift; sourceTree = "<group>"; };
		B097B93D8B21968060E4E3DFFCB81249 /* Stack.swift */ = {isa = PBXFileReference; includeInIndex = 1; lastKnownFileType = sourcecode.swift; name = Stack.swift; path = TinyConstraints/Classes/Stack.swift; sourceTree = "<group>"; };
		C9363951217F5F1EAA53DF8F74DACDBD /* Pods-cp2-frameworks.sh */ = {isa = PBXFileReference; includeInIndex = 1; lastKnownFileType = text.script.sh; path = "Pods-cp2-frameworks.sh"; sourceTree = "<group>"; };
		CD1DD6106E820CE6025AC4797BCD43EF /* TinyConstraints-dummy.m */ = {isa = PBXFileReference; includeInIndex = 1; lastKnownFileType = sourcecode.c.objc; path = "TinyConstraints-dummy.m"; sourceTree = "<group>"; };
		D1F6D04DD742A42921CB39010AA89EB3 /* SwiftChart-umbrella.h */ = {isa = PBXFileReference; includeInIndex = 1; lastKnownFileType = sourcecode.c.h; path = "SwiftChart-umbrella.h"; sourceTree = "<group>"; };
		D245E0514AAC1A2B9A6D5EA2F383E90F /* UIKit.framework */ = {isa = PBXFileReference; lastKnownFileType = wrapper.framework; name = UIKit.framework; path = Platforms/iPhoneOS.platform/Developer/SDKs/iPhoneOS14.0.sdk/System/Library/Frameworks/UIKit.framework; sourceTree = DEVELOPER_DIR; };
		D24E551FA88248069DCFA6F9F0B80D8C /* Pods-cp2-acknowledgements.markdown */ = {isa = PBXFileReference; includeInIndex = 1; lastKnownFileType = text; path = "Pods-cp2-acknowledgements.markdown"; sourceTree = "<group>"; };
		D2DCC30F3BEAD066C848B3A42E43772A /* SwiftChart.release.xcconfig */ = {isa = PBXFileReference; includeInIndex = 1; lastKnownFileType = text.xcconfig; path = SwiftChart.release.xcconfig; sourceTree = "<group>"; };
		E2843ABD2FB080DE087D07A6A584D339 /* Pods-cp2.release.xcconfig */ = {isa = PBXFileReference; includeInIndex = 1; lastKnownFileType = text.xcconfig; path = "Pods-cp2.release.xcconfig"; sourceTree = "<group>"; };
		E533E8CCE420F8504520E877093E6C04 /* ChartSeries.swift */ = {isa = PBXFileReference; includeInIndex = 1; lastKnownFileType = sourcecode.swift; name = ChartSeries.swift; path = Source/ChartSeries.swift; sourceTree = "<group>"; };
		E65641B6E954AC42A657BA07494F52E4 /* Chart.swift */ = {isa = PBXFileReference; includeInIndex = 1; lastKnownFileType = sourcecode.swift; name = Chart.swift; path = Source/Chart.swift; sourceTree = "<group>"; };
		EAB6F611E86A4758835A715E4B4184F6 /* Foundation.framework */ = {isa = PBXFileReference; lastKnownFileType = wrapper.framework; name = Foundation.framework; path = Platforms/iPhoneOS.platform/Developer/SDKs/iPhoneOS14.0.sdk/System/Library/Frameworks/Foundation.framework; sourceTree = DEVELOPER_DIR; };
/* End PBXFileReference section */

/* Begin PBXFrameworksBuildPhase section */
		6A96A8064D0A5FE8B9765A148886238E /* Frameworks */ = {
			isa = PBXFrameworksBuildPhase;
			buildActionMask = 2147483647;
			files = (
				086E4A68E52EEB9EADE3124B2F8D195A /* Foundation.framework in Frameworks */,
			);
			runOnlyForDeploymentPostprocessing = 0;
		};
		6F1E29B28DF9C619EA1A3805865FC82F /* Frameworks */ = {
			isa = PBXFrameworksBuildPhase;
			buildActionMask = 2147483647;
			files = (
				14DD15F0E4B07F53813A9944093B5B83 /* Foundation.framework in Frameworks */,
				C7CB8F9E5337028FE44391091E9FBCD6 /* UIKit.framework in Frameworks */,
			);
			runOnlyForDeploymentPostprocessing = 0;
		};
		99EBD1D1C4BAB2CDA5481D389C9601FD /* Frameworks */ = {
			isa = PBXFrameworksBuildPhase;
			buildActionMask = 2147483647;
			files = (
				04153A1A4F64DB87C7E47C3C17AB8BE2 /* Foundation.framework in Frameworks */,
			);
			runOnlyForDeploymentPostprocessing = 0;
		};
/* End PBXFrameworksBuildPhase section */

/* Begin PBXGroup section */
		1304823077AFF33F3121C56BDEEA5E68 /* Pods */ = {
			isa = PBXGroup;
			children = (
				6AC841C41C2E4336EF8C986C92822639 /* SwiftChart */,
				D877F16F7BDC194088634239F69676FF /* TinyConstraints */,
			);
			name = Pods;
			sourceTree = "<group>";
		};
		1628BF05B4CAFDCC3549A101F5A10A17 /* Frameworks */ = {
			isa = PBXGroup;
			children = (
				59DA5C1F72E1D5BABC43EACBA672C3BA /* iOS */,
			);
			name = Frameworks;
			sourceTree = "<group>";
		};
		48E3051F6940123AA8D57F31CEF577E1 /* Pods-cp2 */ = {
			isa = PBXGroup;
			children = (
				7A552834E14CBF18DCD9120B96EC4489 /* Pods-cp2.modulemap */,
				D24E551FA88248069DCFA6F9F0B80D8C /* Pods-cp2-acknowledgements.markdown */,
				A5438158EA9A5A51B706853C11542C53 /* Pods-cp2-acknowledgements.plist */,
				69D45A2B39CF8FB1CEEEF11268F1DE7F /* Pods-cp2-dummy.m */,
				C9363951217F5F1EAA53DF8F74DACDBD /* Pods-cp2-frameworks.sh */,
				3C6A3890E5DDFCA61BF2362012656F87 /* Pods-cp2-Info.plist */,
				70739B2ABEFB0DC349FDD6BC905AA786 /* Pods-cp2-umbrella.h */,
				A401446E66B585F590B8C4F3A13C8C6B /* Pods-cp2.debug.xcconfig */,
				E2843ABD2FB080DE087D07A6A584D339 /* Pods-cp2.release.xcconfig */,
			);
			name = "Pods-cp2";
			path = "Target Support Files/Pods-cp2";
			sourceTree = "<group>";
		};
		59DA5C1F72E1D5BABC43EACBA672C3BA /* iOS */ = {
			isa = PBXGroup;
			children = (
				EAB6F611E86A4758835A715E4B4184F6 /* Foundation.framework */,
				D245E0514AAC1A2B9A6D5EA2F383E90F /* UIKit.framework */,
			);
			name = iOS;
			sourceTree = "<group>";
		};
		5E97B000DFAEC5FCB69BE34C3E537A91 /* Products */ = {
			isa = PBXGroup;
			children = (
				617B6DE73E1555D314284CB4B2329A4E /* Pods-cp2 */,
				0386647CB37914AEC8D0A23E3BF2B668 /* SwiftChart.framework */,
				248EB203AE249596FFC55952F5590D95 /* TinyConstraints.framework */,
			);
			name = Products;
			sourceTree = "<group>";
		};
		6AC841C41C2E4336EF8C986C92822639 /* SwiftChart */ = {
			isa = PBXGroup;
			children = (
				E65641B6E954AC42A657BA07494F52E4 /* Chart.swift */,
				A946C83D2090E1334EF1E016327EA926 /* ChartColors.swift */,
				E533E8CCE420F8504520E877093E6C04 /* ChartSeries.swift */,
				ABD7F64E8152C26ABC7CB8A507AF6DC5 /* Support Files */,
			);
			path = SwiftChart;
			sourceTree = "<group>";
		};
		800D788B47C4C1088E1E44EFF26EAA26 /* Support Files */ = {
			isa = PBXGroup;
			children = (
				3B76354AF84FF0C9416B72B6447C804B /* TinyConstraints.modulemap */,
				CD1DD6106E820CE6025AC4797BCD43EF /* TinyConstraints-dummy.m */,
				9CE62BAC46EDD9AF64345EB9A538D557 /* TinyConstraints-Info.plist */,
				7C8EF643E10911617C6316BB3486A8EE /* TinyConstraints-prefix.pch */,
				7B8FD65A37631CA49D193F427822B4E4 /* TinyConstraints-umbrella.h */,
				539E4AC582F8C326DA3611E8C3BB1BB7 /* TinyConstraints.debug.xcconfig */,
				968227B6B921790035C005D97430167D /* TinyConstraints.release.xcconfig */,
			);
			name = "Support Files";
			path = "../Target Support Files/TinyConstraints";
			sourceTree = "<group>";
		};
		A3BEE1D91C7BFE982FB7695D2185E77B /* Targets Support Files */ = {
			isa = PBXGroup;
			children = (
				48E3051F6940123AA8D57F31CEF577E1 /* Pods-cp2 */,
			);
			name = "Targets Support Files";
			sourceTree = "<group>";
		};
		ABD7F64E8152C26ABC7CB8A507AF6DC5 /* Support Files */ = {
			isa = PBXGroup;
			children = (
				490F7EDC4975991C7C07614D3DAF067E /* SwiftChart.modulemap */,
				3A142CBDAE5E18FE962DD43590402DFC /* SwiftChart-dummy.m */,
				70C68BAE4BD63B68587C04985ADC60FD /* SwiftChart-Info.plist */,
				28CEEF91BBEBA04AB3B1FF9543E0E27B /* SwiftChart-prefix.pch */,
				D1F6D04DD742A42921CB39010AA89EB3 /* SwiftChart-umbrella.h */,
				55A9455845EE4C5E627104E36BCCAB00 /* SwiftChart.debug.xcconfig */,
				D2DCC30F3BEAD066C848B3A42E43772A /* SwiftChart.release.xcconfig */,
			);
			name = "Support Files";
			path = "../Target Support Files/SwiftChart";
			sourceTree = "<group>";
		};
		CF1408CF629C7361332E53B88F7BD30C = {
			isa = PBXGroup;
			children = (
				9D940727FF8FB9C785EB98E56350EF41 /* Podfile */,
				1628BF05B4CAFDCC3549A101F5A10A17 /* Frameworks */,
				1304823077AFF33F3121C56BDEEA5E68 /* Pods */,
				5E97B000DFAEC5FCB69BE34C3E537A91 /* Products */,
				A3BEE1D91C7BFE982FB7695D2185E77B /* Targets Support Files */,
			);
			sourceTree = "<group>";
		};
		D877F16F7BDC194088634239F69676FF /* TinyConstraints */ = {
			isa = PBXGroup;
			children = (
				6276F7483F8EEEE01B0FA78036862E8B /* Abstraction.swift */,
				7BB7E3FB6211214104FB30DF75D8670F /* Constrainable.swift */,
				6370B14DDB8DC14CA4033B1542A347F2 /* Constraints.swift */,
				B097B93D8B21968060E4E3DFFCB81249 /* Stack.swift */,
				942BE79A63EF4710139BD47EA183F6A5 /* TinyConstraints.swift */,
				7A39CA2D304E5CCC63A7D55869E05375 /* TinyConstraints+superview.swift */,
				4930940E3E91EC00C3677817B3F27AE1 /* TinyEdgeInsets.swift */,
				800D788B47C4C1088E1E44EFF26EAA26 /* Support Files */,
			);
			path = TinyConstraints;
			sourceTree = "<group>";
		};
/* End PBXGroup section */

/* Begin PBXHeadersBuildPhase section */
		BAC758A0C4E8F07560F9836B2EB0FD93 /* Headers */ = {
			isa = PBXHeadersBuildPhase;
			buildActionMask = 2147483647;
			files = (
				4CDB49943F320BC1F504F6F6790448CC /* TinyConstraints-umbrella.h in Headers */,
			);
			runOnlyForDeploymentPostprocessing = 0;
		};
		CD1D0B632DB15E9BB3F2D85F467753C6 /* Headers */ = {
			isa = PBXHeadersBuildPhase;
			buildActionMask = 2147483647;
			files = (
				8B779C98294E31CF2BB8D14983A0F2B0 /* Pods-cp2-umbrella.h in Headers */,
			);
			runOnlyForDeploymentPostprocessing = 0;
		};
		D992830D171A60268EDD4F4570776339 /* Headers */ = {
			isa = PBXHeadersBuildPhase;
			buildActionMask = 2147483647;
			files = (
				67BA8329E816F97CDA1901A1E5D1B0B9 /* SwiftChart-umbrella.h in Headers */,
			);
			runOnlyForDeploymentPostprocessing = 0;
		};
/* End PBXHeadersBuildPhase section */

/* Begin PBXNativeTarget section */
		45C4E325E7851DD54CC3AD44C7A71935 /* TinyConstraints */ = {
			isa = PBXNativeTarget;
			buildConfigurationList = F82ADE11EFCEC2B3A42D3D0BAB73E091 /* Build configuration list for PBXNativeTarget "TinyConstraints" */;
			buildPhases = (
				BAC758A0C4E8F07560F9836B2EB0FD93 /* Headers */,
				DF92459D9FB5B70A4EA19E240046CFE6 /* Sources */,
				99EBD1D1C4BAB2CDA5481D389C9601FD /* Frameworks */,
				E8FDB45C583F6ED4A6E0F0B0B67108EA /* Resources */,
			);
			buildRules = (
			);
			dependencies = (
			);
			name = TinyConstraints;
			productName = TinyConstraints;
			productReference = 248EB203AE249596FFC55952F5590D95 /* TinyConstraints.framework */;
			productType = "com.apple.product-type.framework";
		};
		4E7BD5B8067AD0B7AFB7967E30BF1BB8 /* SwiftChart */ = {
			isa = PBXNativeTarget;
			buildConfigurationList = 0A148DA5667AB4EB4589979126C89EC2 /* Build configuration list for PBXNativeTarget "SwiftChart" */;
			buildPhases = (
				D992830D171A60268EDD4F4570776339 /* Headers */,
				E952AF9ED689F3010A9F30D978D45F19 /* Sources */,
				6F1E29B28DF9C619EA1A3805865FC82F /* Frameworks */,
				B825C1CFD8DDC024408B4E3917B84307 /* Resources */,
			);
			buildRules = (
			);
			dependencies = (
			);
			name = SwiftChart;
			productName = SwiftChart;
			productReference = 0386647CB37914AEC8D0A23E3BF2B668 /* SwiftChart.framework */;
			productType = "com.apple.product-type.framework";
		};
		8C5D5D50AAABF9F0071EB2F39C6C3A7B /* Pods-cp2 */ = {
			isa = PBXNativeTarget;
			buildConfigurationList = 70DDF12D8F681748A1707104255AC901 /* Build configuration list for PBXNativeTarget "Pods-cp2" */;
			buildPhases = (
				CD1D0B632DB15E9BB3F2D85F467753C6 /* Headers */,
				F8BD296B7C5A324D965831D540011930 /* Sources */,
				6A96A8064D0A5FE8B9765A148886238E /* Frameworks */,
				B51FEEF707DA17326E6748FC9575FAAB /* Resources */,
			);
			buildRules = (
			);
			dependencies = (
				7679C0A919F50E4D97A068F7C48909DC /* PBXTargetDependency */,
				1B2CDF7E3C97ACBFE5CE3BDA07482BBC /* PBXTargetDependency */,
			);
			name = "Pods-cp2";
			productName = Pods_cp2;
			productReference = 617B6DE73E1555D314284CB4B2329A4E /* Pods-cp2 */;
			productType = "com.apple.product-type.framework";
		};
/* End PBXNativeTarget section */

/* Begin PBXProject section */
		BFDFE7DC352907FC980B868725387E98 /* Project object */ = {
			isa = PBXProject;
			attributes = {
				LastSwiftUpdateCheck = 1300;
				LastUpgradeCheck = 1300;
			};
			buildConfigurationList = 4821239608C13582E20E6DA73FD5F1F9 /* Build configuration list for PBXProject "Pods" */;
			compatibilityVersion = "Xcode 14.0";
			developmentRegion = en;
			hasScannedForEncodings = 0;
			knownRegions = (
				Base,
				en,
			);
			mainGroup = CF1408CF629C7361332E53B88F7BD30C;
			productRefGroup = 5E97B000DFAEC5FCB69BE34C3E537A91 /* Products */;
			projectDirPath = "";
			projectRoot = "";
			targets = (
				8C5D5D50AAABF9F0071EB2F39C6C3A7B /* Pods-cp2 */,
				4E7BD5B8067AD0B7AFB7967E30BF1BB8 /* SwiftChart */,
				45C4E325E7851DD54CC3AD44C7A71935 /* TinyConstraints */,
			);
		};
/* End PBXProject section */

/* Begin PBXResourcesBuildPhase section */
		B51FEEF707DA17326E6748FC9575FAAB /* Resources */ = {
			isa = PBXResourcesBuildPhase;
			buildActionMask = 2147483647;
			files = (
			);
			runOnlyForDeploymentPostprocessing = 0;
		};
		B825C1CFD8DDC024408B4E3917B84307 /* Resources */ = {
			isa = PBXResourcesBuildPhase;
			buildActionMask = 2147483647;
			files = (
			);
			runOnlyForDeploymentPostprocessing = 0;
		};
		E8FDB45C583F6ED4A6E0F0B0B67108EA /* Resources */ = {
			isa = PBXResourcesBuildPhase;
			buildActionMask = 2147483647;
			files = (
			);
			runOnlyForDeploymentPostprocessing = 0;
		};
/* End PBXResourcesBuildPhase section */

/* Begin PBXSourcesBuildPhase section */
		DF92459D9FB5B70A4EA19E240046CFE6 /* Sources */ = {
			isa = PBXSourcesBuildPhase;
			buildActionMask = 2147483647;
			files = (
				003819A1B91F455375633418033FFEA7 /* Abstraction.swift in Sources */,
				19B625DCBF2608036A726D4F6004AE41 /* Constrainable.swift in Sources */,
				588EEA3FAF28A403ADD832A1496F412F /* Constraints.swift in Sources */,
				64810A75CC254B76D74E3F2586AD3B47 /* Stack.swift in Sources */,
				9FC86B0DF30483BEC772265C38AA5440 /* TinyConstraints.swift in Sources */,
				235C6BC0654C150374C6B533B9D33467 /* TinyConstraints+superview.swift in Sources */,
				4E5602E9B85B82EF1EA80ABCF76D7CC6 /* TinyConstraints-dummy.m in Sources */,
				BF75F7C3CE5DF53FDC340EB541B30224 /* TinyEdgeInsets.swift in Sources */,
			);
			runOnlyForDeploymentPostprocessing = 0;
		};
		E952AF9ED689F3010A9F30D978D45F19 /* Sources */ = {
			isa = PBXSourcesBuildPhase;
			buildActionMask = 2147483647;
			files = (
				CC7E5E85953FBC78E7BE84DAF0344E05 /* Chart.swift in Sources */,
				D6109FC37A83188948FA533A719FCFFD /* ChartColors.swift in Sources */,
				189DD0DA52A126759790F1D996095F53 /* ChartSeries.swift in Sources */,
				00C3FB923222149BB1E223497927E084 /* SwiftChart-dummy.m in Sources */,
			);
			runOnlyForDeploymentPostprocessing = 0;
		};
		F8BD296B7C5A324D965831D540011930 /* Sources */ = {
			isa = PBXSourcesBuildPhase;
			buildActionMask = 2147483647;
			files = (
				288F355E6F92DB34A6D5DA886C1B29D8 /* Pods-cp2-dummy.m in Sources */,
			);
			runOnlyForDeploymentPostprocessing = 0;
		};
/* End PBXSourcesBuildPhase section */

/* Begin PBXTargetDependency section */
		1B2CDF7E3C97ACBFE5CE3BDA07482BBC /* PBXTargetDependency */ = {
			isa = PBXTargetDependency;
			name = TinyConstraints;
			target = 45C4E325E7851DD54CC3AD44C7A71935 /* TinyConstraints */;
			targetProxy = B97B882AED2E0EB4510991ACA0580DE1 /* PBXContainerItemProxy */;
		};
		7679C0A919F50E4D97A068F7C48909DC /* PBXTargetDependency */ = {
			isa = PBXTargetDependency;
			name = SwiftChart;
			target = 4E7BD5B8067AD0B7AFB7967E30BF1BB8 /* SwiftChart */;
			targetProxy = D712BBA66CD3CFEF2F5A6D9EC1861B1A /* PBXContainerItemProxy */;
		};
/* End PBXTargetDependency section */

/* Begin XCBuildConfiguration section */
		30E0B9EFD9A5C45D0D351231E81B30B3 /* Release */ = {
			isa = XCBuildConfiguration;
			buildSettings = {
				ALWAYS_SEARCH_USER_PATHS = NO;
				CLANG_ANALYZER_LOCALIZABILITY_NONLOCALIZED = YES;
				CLANG_ANALYZER_NONNULL = YES;
				CLANG_ANALYZER_NUMBER_OBJECT_CONVERSION = YES_AGGRESSIVE;
				CLANG_CXX_LANGUAGE_STANDARD = "gnu++14";
				CLANG_CXX_LIBRARY = "libc++";
				CLANG_ENABLE_MODULES = YES;
				CLANG_ENABLE_OBJC_ARC = YES;
				CLANG_ENABLE_OBJC_WEAK = YES;
				CLANG_WARN_BLOCK_CAPTURE_AUTORELEASING = YES;
				CLANG_WARN_BOOL_CONVERSION = YES;
				CLANG_WARN_COMMA = YES;
				CLANG_WARN_CONSTANT_CONVERSION = YES;
				CLANG_WARN_DEPRECATED_OBJC_IMPLEMENTATIONS = YES;
				CLANG_WARN_DIRECT_OBJC_ISA_USAGE = YES_ERROR;
				CLANG_WARN_DOCUMENTATION_COMMENTS = YES;
				CLANG_WARN_EMPTY_BODY = YES;
				CLANG_WARN_ENUM_CONVERSION = YES;
				CLANG_WARN_INFINITE_RECURSION = YES;
				CLANG_WARN_INT_CONVERSION = YES;
				CLANG_WARN_NON_LITERAL_NULL_CONVERSION = YES;
				CLANG_WARN_OBJC_IMPLICIT_RETAIN_SELF = YES;
				CLANG_WARN_OBJC_LITERAL_CONVERSION = YES;
				CLANG_WARN_OBJC_ROOT_CLASS = YES_ERROR;
				CLANG_WARN_QUOTED_INCLUDE_IN_FRAMEWORK_HEADER = YES;
				CLANG_WARN_RANGE_LOOP_ANALYSIS = YES;
				CLANG_WARN_STRICT_PROTOTYPES = YES;
				CLANG_WARN_SUSPICIOUS_MOVE = YES;
				CLANG_WARN_UNGUARDED_AVAILABILITY = YES_AGGRESSIVE;
				CLANG_WARN_UNREACHABLE_CODE = YES;
				CLANG_WARN__DUPLICATE_METHOD_MATCH = YES;
				COPY_PHASE_STRIP = NO;
				DEBUG_INFORMATION_FORMAT = "dwarf-with-dsym";
				ENABLE_NS_ASSERTIONS = NO;
				ENABLE_STRICT_OBJC_MSGSEND = YES;
				GCC_C_LANGUAGE_STANDARD = gnu11;
				GCC_NO_COMMON_BLOCKS = YES;
				GCC_PREPROCESSOR_DEFINITIONS = (
					"POD_CONFIGURATION_RELEASE=1",
					"$(inherited)",
				);
				GCC_WARN_64_TO_32_BIT_CONVERSION = YES;
				GCC_WARN_ABOUT_RETURN_TYPE = YES_ERROR;
				GCC_WARN_UNDECLARED_SELECTOR = YES;
				GCC_WARN_UNINITIALIZED_AUTOS = YES_AGGRESSIVE;
				GCC_WARN_UNUSED_FUNCTION = YES;
				GCC_WARN_UNUSED_VARIABLE = YES;
				IPHONEOS_DEPLOYMENT_TARGET = 16.0;
				MTL_ENABLE_DEBUG_INFO = NO;
				MTL_FAST_MATH = YES;
				PRODUCT_NAME = "$(TARGET_NAME)";
				STRIP_INSTALLED_PRODUCT = NO;
				SWIFT_COMPILATION_MODE = wholemodule;
				SWIFT_OPTIMIZATION_LEVEL = "-O";
				SWIFT_VERSION = 5.0;
				SYMROOT = "${SRCROOT}/../build";
			};
			name = Release;
		};
		36EA6BFA6DD54A2E1A1D0F7AB793FA60 /* Release */ = {
			isa = XCBuildConfiguration;
			baseConfigurationReference = D2DCC30F3BEAD066C848B3A42E43772A /* SwiftChart.release.xcconfig */;
			buildSettings = {
				"CODE_SIGN_IDENTITY[sdk=appletvos*]" = "";
				"CODE_SIGN_IDENTITY[sdk=iphoneos*]" = "";
				"CODE_SIGN_IDENTITY[sdk=watchos*]" = "";
				CURRENT_PROJECT_VERSION = 1;
				DEFINES_MODULE = YES;
				DYLIB_COMPATIBILITY_VERSION = 1;
				DYLIB_CURRENT_VERSION = 1;
				DYLIB_INSTALL_NAME_BASE = "@rpath";
				GCC_PREFIX_HEADER = "Target Support Files/SwiftChart/SwiftChart-prefix.pch";
				INFOPLIST_FILE = "Target Support Files/SwiftChart/SwiftChart-Info.plist";
				INSTALL_PATH = "$(LOCAL_LIBRARY_DIR)/Frameworks";
				IPHONEOS_DEPLOYMENT_TARGET = 16.0;
				LD_RUNPATH_SEARCH_PATHS = (
					"$(inherited)",
					"@executable_path/Frameworks",
					"@loader_path/Frameworks",
				);
				MODULEMAP_FILE = "Target Support Files/SwiftChart/SwiftChart.modulemap";
				PRODUCT_MODULE_NAME = SwiftChart;
				PRODUCT_NAME = SwiftChart;
				SDKROOT = iphoneos;
				SKIP_INSTALL = YES;
				SWIFT_ACTIVE_COMPILATION_CONDITIONS = "$(inherited) ";
				SWIFT_VERSION = 5.0;
				TARGETED_DEVICE_FAMILY = "1,2";
				VALIDATE_PRODUCT = YES;
				VERSIONING_SYSTEM = "apple-generic";
				VERSION_INFO_PREFIX = "";
			};
			name = Release;
		};
		41C8AD3B4E791E9B0991CA92CDB1F1BC /* Release */ = {
			isa = XCBuildConfiguration;
			baseConfigurationReference = E2843ABD2FB080DE087D07A6A584D339 /* Pods-cp2.release.xcconfig */;
			buildSettings = {
				ALWAYS_EMBED_SWIFT_STANDARD_LIBRARIES = NO;
				CLANG_ENABLE_OBJC_WEAK = NO;
				"CODE_SIGN_IDENTITY[sdk=appletvos*]" = "";
				"CODE_SIGN_IDENTITY[sdk=iphoneos*]" = "";
				"CODE_SIGN_IDENTITY[sdk=watchos*]" = "";
				CURRENT_PROJECT_VERSION = 1;
				DEFINES_MODULE = YES;
				DYLIB_COMPATIBILITY_VERSION = 1;
				DYLIB_CURRENT_VERSION = 1;
				DYLIB_INSTALL_NAME_BASE = "@rpath";
				INFOPLIST_FILE = "Target Support Files/Pods-cp2/Pods-cp2-Info.plist";
				INSTALL_PATH = "$(LOCAL_LIBRARY_DIR)/Frameworks";
				IPHONEOS_DEPLOYMENT_TARGET = 16.0;
				LD_RUNPATH_SEARCH_PATHS = (
					"$(inherited)",
					"@executable_path/Frameworks",
					"@loader_path/Frameworks",
				);
				MACH_O_TYPE = staticlib;
				MODULEMAP_FILE = "Target Support Files/Pods-cp2/Pods-cp2.modulemap";
				OTHER_LDFLAGS = "";
				OTHER_LIBTOOLFLAGS = "";
				PODS_ROOT = "$(SRCROOT)";
				PRODUCT_BUNDLE_IDENTIFIER = "org.cocoapods.${PRODUCT_NAME:rfc1034identifier}";
				PRODUCT_NAME = "$(TARGET_NAME:c99extidentifier)";
				SDKROOT = iphoneos;
				SKIP_INSTALL = YES;
				TARGETED_DEVICE_FAMILY = "1,2";
				VALIDATE_PRODUCT = YES;
				VERSIONING_SYSTEM = "apple-generic";
				VERSION_INFO_PREFIX = "";
			};
			name = Release;
		};
		501B1AB6BD6781E5C49BB481501E221B /* Release */ = {
			isa = XCBuildConfiguration;
			baseConfigurationReference = 968227B6B921790035C005D97430167D /* TinyConstraints.release.xcconfig */;
			buildSettings = {
				"CODE_SIGN_IDENTITY[sdk=appletvos*]" = "";
				"CODE_SIGN_IDENTITY[sdk=iphoneos*]" = "";
				"CODE_SIGN_IDENTITY[sdk=watchos*]" = "";
				CURRENT_PROJECT_VERSION = 1;
				DEFINES_MODULE = YES;
				DYLIB_COMPATIBILITY_VERSION = 1;
				DYLIB_CURRENT_VERSION = 1;
				DYLIB_INSTALL_NAME_BASE = "@rpath";
				GCC_PREFIX_HEADER = "Target Support Files/TinyConstraints/TinyConstraints-prefix.pch";
				INFOPLIST_FILE = "Target Support Files/TinyConstraints/TinyConstraints-Info.plist";
				INSTALL_PATH = "$(LOCAL_LIBRARY_DIR)/Frameworks";
				IPHONEOS_DEPLOYMENT_TARGET = 16.0;
				LD_RUNPATH_SEARCH_PATHS = (
					"$(inherited)",
					"@executable_path/Frameworks",
					"@loader_path/Frameworks",
				);
				MODULEMAP_FILE = "Target Support Files/TinyConstraints/TinyConstraints.modulemap";
				PRODUCT_MODULE_NAME = TinyConstraints;
				PRODUCT_NAME = TinyConstraints;
				SDKROOT = iphoneos;
				SKIP_INSTALL = YES;
				SWIFT_ACTIVE_COMPILATION_CONDITIONS = "$(inherited) ";
				SWIFT_VERSION = 5.0;
				TARGETED_DEVICE_FAMILY = "1,2";
				VALIDATE_PRODUCT = YES;
				VERSIONING_SYSTEM = "apple-generic";
				VERSION_INFO_PREFIX = "";
			};
			name = Release;
		};
		750230676C923D16D2BD871B573B1E59 /* Debug */ = {
			isa = XCBuildConfiguration;
			baseConfigurationReference = 539E4AC582F8C326DA3611E8C3BB1BB7 /* TinyConstraints.debug.xcconfig */;
			buildSettings = {
				"CODE_SIGN_IDENTITY[sdk=appletvos*]" = "";
				"CODE_SIGN_IDENTITY[sdk=iphoneos*]" = "";
				"CODE_SIGN_IDENTITY[sdk=watchos*]" = "";
				CURRENT_PROJECT_VERSION = 1;
				DEFINES_MODULE = YES;
				DYLIB_COMPATIBILITY_VERSION = 1;
				DYLIB_CURRENT_VERSION = 1;
				DYLIB_INSTALL_NAME_BASE = "@rpath";
				GCC_PREFIX_HEADER = "Target Support Files/TinyConstraints/TinyConstraints-prefix.pch";
				INFOPLIST_FILE = "Target Support Files/TinyConstraints/TinyConstraints-Info.plist";
				INSTALL_PATH = "$(LOCAL_LIBRARY_DIR)/Frameworks";
				IPHONEOS_DEPLOYMENT_TARGET = 16.0;
				LD_RUNPATH_SEARCH_PATHS = (
					"$(inherited)",
					"@executable_path/Frameworks",
					"@loader_path/Frameworks",
				);
				MODULEMAP_FILE = "Target Support Files/TinyConstraints/TinyConstraints.modulemap";
				PRODUCT_MODULE_NAME = TinyConstraints;
				PRODUCT_NAME = TinyConstraints;
				SDKROOT = iphoneos;
				SKIP_INSTALL = YES;
				SWIFT_ACTIVE_COMPILATION_CONDITIONS = "$(inherited) ";
				SWIFT_VERSION = 5.0;
				TARGETED_DEVICE_FAMILY = "1,2";
				VERSIONING_SYSTEM = "apple-generic";
				VERSION_INFO_PREFIX = "";
			};
			name = Debug;
		};
		8AF40CB9FDFC4AF5FDEE7462277BD66A /* Debug */ = {
			isa = XCBuildConfiguration;
			baseConfigurationReference = 55A9455845EE4C5E627104E36BCCAB00 /* SwiftChart.debug.xcconfig */;
			buildSettings = {
				"CODE_SIGN_IDENTITY[sdk=appletvos*]" = "";
				"CODE_SIGN_IDENTITY[sdk=iphoneos*]" = "";
				"CODE_SIGN_IDENTITY[sdk=watchos*]" = "";
				CURRENT_PROJECT_VERSION = 1;
				DEFINES_MODULE = YES;
				DYLIB_COMPATIBILITY_VERSION = 1;
				DYLIB_CURRENT_VERSION = 1;
				DYLIB_INSTALL_NAME_BASE = "@rpath";
				GCC_PREFIX_HEADER = "Target Support Files/SwiftChart/SwiftChart-prefix.pch";
				INFOPLIST_FILE = "Target Support Files/SwiftChart/SwiftChart-Info.plist";
				INSTALL_PATH = "$(LOCAL_LIBRARY_DIR)/Frameworks";
				IPHONEOS_DEPLOYMENT_TARGET = 16.0;
				LD_RUNPATH_SEARCH_PATHS = (
					"$(inherited)",
					"@executable_path/Frameworks",
					"@loader_path/Frameworks",
				);
				MODULEMAP_FILE = "Target Support Files/SwiftChart/SwiftChart.modulemap";
				PRODUCT_MODULE_NAME = SwiftChart;
				PRODUCT_NAME = SwiftChart;
				SDKROOT = iphoneos;
				SKIP_INSTALL = YES;
				SWIFT_ACTIVE_COMPILATION_CONDITIONS = "$(inherited) ";
				SWIFT_VERSION = 5.0;
				TARGETED_DEVICE_FAMILY = "1,2";
				VERSIONING_SYSTEM = "apple-generic";
				VERSION_INFO_PREFIX = "";
			};
			name = Debug;
		};
		8E5A4004673BF001027F920B336CDD82 /* Debug */ = {
			isa = XCBuildConfiguration;
			baseConfigurationReference = A401446E66B585F590B8C4F3A13C8C6B /* Pods-cp2.debug.xcconfig */;
			buildSettings = {
				ALWAYS_EMBED_SWIFT_STANDARD_LIBRARIES = NO;
				CLANG_ENABLE_OBJC_WEAK = NO;
				"CODE_SIGN_IDENTITY[sdk=appletvos*]" = "";
				"CODE_SIGN_IDENTITY[sdk=iphoneos*]" = "";
				"CODE_SIGN_IDENTITY[sdk=watchos*]" = "";
				CURRENT_PROJECT_VERSION = 1;
				DEFINES_MODULE = YES;
				DYLIB_COMPATIBILITY_VERSION = 1;
				DYLIB_CURRENT_VERSION = 1;
				DYLIB_INSTALL_NAME_BASE = "@rpath";
				INFOPLIST_FILE = "Target Support Files/Pods-cp2/Pods-cp2-Info.plist";
				INSTALL_PATH = "$(LOCAL_LIBRARY_DIR)/Frameworks";
				IPHONEOS_DEPLOYMENT_TARGET = 16.0;
				LD_RUNPATH_SEARCH_PATHS = (
					"$(inherited)",
					"@executable_path/Frameworks",
					"@loader_path/Frameworks",
				);
				MACH_O_TYPE = staticlib;
				MODULEMAP_FILE = "Target Support Files/Pods-cp2/Pods-cp2.modulemap";
				OTHER_LDFLAGS = "";
				OTHER_LIBTOOLFLAGS = "";
				PODS_ROOT = "$(SRCROOT)";
				PRODUCT_BUNDLE_IDENTIFIER = "org.cocoapods.${PRODUCT_NAME:rfc1034identifier}";
				PRODUCT_NAME = "$(TARGET_NAME:c99extidentifier)";
				SDKROOT = iphoneos;
				SKIP_INSTALL = YES;
				TARGETED_DEVICE_FAMILY = "1,2";
				VERSIONING_SYSTEM = "apple-generic";
				VERSION_INFO_PREFIX = "";
			};
			name = Debug;
		};
		F4FF6A0D1970CA9705974E3CB2134802 /* Debug */ = {
			isa = XCBuildConfiguration;
			buildSettings = {
				ALWAYS_SEARCH_USER_PATHS = NO;
				CLANG_ANALYZER_LOCALIZABILITY_NONLOCALIZED = YES;
				CLANG_ANALYZER_NONNULL = YES;
				CLANG_ANALYZER_NUMBER_OBJECT_CONVERSION = YES_AGGRESSIVE;
				CLANG_CXX_LANGUAGE_STANDARD = "gnu++14";
				CLANG_CXX_LIBRARY = "libc++";
				CLANG_ENABLE_MODULES = YES;
				CLANG_ENABLE_OBJC_ARC = YES;
				CLANG_ENABLE_OBJC_WEAK = YES;
				CLANG_WARN_BLOCK_CAPTURE_AUTORELEASING = YES;
				CLANG_WARN_BOOL_CONVERSION = YES;
				CLANG_WARN_COMMA = YES;
				CLANG_WARN_CONSTANT_CONVERSION = YES;
				CLANG_WARN_DEPRECATED_OBJC_IMPLEMENTATIONS = YES;
				CLANG_WARN_DIRECT_OBJC_ISA_USAGE = YES_ERROR;
				CLANG_WARN_DOCUMENTATION_COMMENTS = YES;
				CLANG_WARN_EMPTY_BODY = YES;
				CLANG_WARN_ENUM_CONVERSION = YES;
				CLANG_WARN_INFINITE_RECURSION = YES;
				CLANG_WARN_INT_CONVERSION = YES;
				CLANG_WARN_NON_LITERAL_NULL_CONVERSION = YES;
				CLANG_WARN_OBJC_IMPLICIT_RETAIN_SELF = YES;
				CLANG_WARN_OBJC_LITERAL_CONVERSION = YES;
				CLANG_WARN_OBJC_ROOT_CLASS = YES_ERROR;
				CLANG_WARN_QUOTED_INCLUDE_IN_FRAMEWORK_HEADER = YES;
				CLANG_WARN_RANGE_LOOP_ANALYSIS = YES;
				CLANG_WARN_STRICT_PROTOTYPES = YES;
				CLANG_WARN_SUSPICIOUS_MOVE = YES;
				CLANG_WARN_UNGUARDED_AVAILABILITY = YES_AGGRESSIVE;
				CLANG_WARN_UNREACHABLE_CODE = YES;
				CLANG_WARN__DUPLICATE_METHOD_MATCH = YES;
				COPY_PHASE_STRIP = NO;
				DEBUG_INFORMATION_FORMAT = dwarf;
				ENABLE_STRICT_OBJC_MSGSEND = YES;
				ENABLE_TESTABILITY = YES;
				GCC_C_LANGUAGE_STANDARD = gnu11;
				GCC_DYNAMIC_NO_PIC = NO;
				GCC_NO_COMMON_BLOCKS = YES;
				GCC_OPTIMIZATION_LEVEL = 0;
				GCC_PREPROCESSOR_DEFINITIONS = (
					"POD_CONFIGURATION_DEBUG=1",
					"DEBUG=1",
					"$(inherited)",
				);
				GCC_WARN_64_TO_32_BIT_CONVERSION = YES;
				GCC_WARN_ABOUT_RETURN_TYPE = YES_ERROR;
				GCC_WARN_UNDECLARED_SELECTOR = YES;
				GCC_WARN_UNINITIALIZED_AUTOS = YES_AGGRESSIVE;
				GCC_WARN_UNUSED_FUNCTION = YES;
				GCC_WARN_UNUSED_VARIABLE = YES;
				IPHONEOS_DEPLOYMENT_TARGET = 16.0;
				MTL_ENABLE_DEBUG_INFO = INCLUDE_SOURCE;
				MTL_FAST_MATH = YES;
				ONLY_ACTIVE_ARCH = YES;
				PRODUCT_NAME = "$(TARGET_NAME)";
				STRIP_INSTALLED_PRODUCT = NO;
				SWIFT_ACTIVE_COMPILATION_CONDITIONS = DEBUG;
				SWIFT_OPTIMIZATION_LEVEL = "-Onone";
				SWIFT_VERSION = 5.0;
				SYMROOT = "${SRCROOT}/../build";
			};
			name = Debug;
		};
/* End XCBuildConfiguration section */

/* Begin XCConfigurationList section */
		0A148DA5667AB4EB4589979126C89EC2 /* Build configuration list for PBXNativeTarget "SwiftChart" */ = {
			isa = XCConfigurationList;
			buildConfigurations = (
				8AF40CB9FDFC4AF5FDEE7462277BD66A /* Debug */,
				36EA6BFA6DD54A2E1A1D0F7AB793FA60 /* Release */,
			);
			defaultConfigurationIsVisible = 0;
			defaultConfigurationName = Release;
		};
		4821239608C13582E20E6DA73FD5F1F9 /* Build configuration list for PBXProject "Pods" */ = {
			isa = XCConfigurationList;
			buildConfigurations = (
				F4FF6A0D1970CA9705974E3CB2134802 /* Debug */,
				30E0B9EFD9A5C45D0D351231E81B30B3 /* Release */,
			);
			defaultConfigurationIsVisible = 0;
			defaultConfigurationName = Release;
		};
		70DDF12D8F681748A1707104255AC901 /* Build configuration list for PBXNativeTarget "Pods-cp2" */ = {
			isa = XCConfigurationList;
			buildConfigurations = (
				8E5A4004673BF001027F920B336CDD82 /* Debug */,
				41C8AD3B4E791E9B0991CA92CDB1F1BC /* Release */,
			);
			defaultConfigurationIsVisible = 0;
			defaultConfigurationName = Release;
		};
		F82ADE11EFCEC2B3A42D3D0BAB73E091 /* Build configuration list for PBXNativeTarget "TinyConstraints" */ = {
			isa = XCConfigurationList;
			buildConfigurations = (
				750230676C923D16D2BD871B573B1E59 /* Debug */,
				501B1AB6BD6781E5C49BB481501E221B /* Release */,
			);
			defaultConfigurationIsVisible = 0;
			defaultConfigurationName = Release;
		};
/* End XCConfigurationList section */
	};
	rootObject = BFDFE7DC352907FC980B868725387E98 /* Project object */;
}
